// !$*UTF8*$!
{
	archiveVersion = 1;
	classes = {
	};
	objectVersion = 50;
	objects = {

/* Begin PBXBuildFile section */
		49160CBE29A2B7A7007ED5B2 /* MyColors.swift in Sources */ = {isa = PBXBuildFile; fileRef = 49160CBD29A2B7A7007ED5B2 /* MyColors.swift */; };
		4979DC9229982992009CB987 /* TodoApp.swift in Sources */ = {isa = PBXBuildFile; fileRef = 4979DC9129982992009CB987 /* TodoApp.swift */; };
		4979DC9429982992009CB987 /* ContentView.swift in Sources */ = {isa = PBXBuildFile; fileRef = 4979DC9329982992009CB987 /* ContentView.swift */; };
		4979DC9629982999009CB987 /* Assets.xcassets in Resources */ = {isa = PBXBuildFile; fileRef = 4979DC9529982999009CB987 /* Assets.xcassets */; };
		4979DC9929982999009CB987 /* Preview Assets.xcassets in Resources */ = {isa = PBXBuildFile; fileRef = 4979DC9829982999009CB987 /* Preview Assets.xcassets */; };
		4979DCD02998335A009CB987 /* SimpleTodo.xcdatamodeld in Sources */ = {isa = PBXBuildFile; fileRef = 4979DCCE2998335A009CB987 /* SimpleTodo.xcdatamodeld */; };
		4979DCD6299835E1009CB987 /* CoreData.swift in Sources */ = {isa = PBXBuildFile; fileRef = 4979DCD5299835E1009CB987 /* CoreData.swift */; };
/* End PBXBuildFile section */

/* Begin PBXContainerItemProxy section */
		4979DCA029982999009CB987 /* PBXContainerItemProxy */ = {
			isa = PBXContainerItemProxy;
			containerPortal = 4979DC8629982992009CB987 /* Project object */;
			proxyType = 1;
			remoteGlobalIDString = 4979DC8D29982992009CB987;
			remoteInfo = Todo;
		};
		4979DCAB2998299A009CB987 /* PBXContainerItemProxy */ = {
			isa = PBXContainerItemProxy;
			containerPortal = 4979DC8629982992009CB987 /* Project object */;
			proxyType = 1;
			remoteGlobalIDString = 4979DC8D29982992009CB987;
			remoteInfo = Todo;
		};
/* End PBXContainerItemProxy section */

/* Begin PBXFileReference section */
		49160CBD29A2B7A7007ED5B2 /* MyColors.swift */ = {isa = PBXFileReference; lastKnownFileType = sourcecode.swift; path = MyColors.swift; sourceTree = "<group>"; };
		4979DC9129982992009CB987 /* TodoApp.swift */ = {isa = PBXFileReference; lastKnownFileType = sourcecode.swift; path = TodoApp.swift; sourceTree = "<group>"; };
		4979DC9329982992009CB987 /* ContentView.swift */ = {isa = PBXFileReference; lastKnownFileType = sourcecode.swift; path = ContentView.swift; sourceTree = "<group>"; };
		4979DC9529982999009CB987 /* Assets.xcassets */ = {isa = PBXFileReference; lastKnownFileType = folder.assetcatalog; path = Assets.xcassets; sourceTree = "<group>"; };
		4979DC9829982999009CB987 /* Preview Assets.xcassets */ = {isa = PBXFileReference; lastKnownFileType = folder.assetcatalog; path = "Preview Assets.xcassets"; sourceTree = "<group>"; };
		4979DC9A29982999009CB987 /* Info.plist */ = {isa = PBXFileReference; lastKnownFileType = text.plist.xml; path = Info.plist; sourceTree = "<group>"; };
		4979DCB02998299A009CB987 /* Info.plist */ = {isa = PBXFileReference; lastKnownFileType = text.plist.xml; path = Info.plist; sourceTree = "<group>"; };
		4979DCC8299832E1009CB987 /* Todo.app */ = {isa = PBXFileReference; explicitFileType = wrapper.application; includeInIndex = 0; path = Todo.app; sourceTree = BUILT_PRODUCTS_DIR; };
		4979DCC9299832E1009CB987 /* TodoTests.xctest */ = {isa = PBXFileReference; explicitFileType = wrapper.cfbundle; includeInIndex = 0; path = TodoTests.xctest; sourceTree = BUILT_PRODUCTS_DIR; };
		4979DCCA299832E1009CB987 /* TodoUITests.xctest */ = {isa = PBXFileReference; explicitFileType = wrapper.cfbundle; includeInIndex = 0; path = TodoUITests.xctest; sourceTree = BUILT_PRODUCTS_DIR; };
		4979DCCF2998335A009CB987 /* SimpleTodo.xcdatamodel */ = {isa = PBXFileReference; lastKnownFileType = wrapper.xcdatamodel; path = SimpleTodo.xcdatamodel; sourceTree = "<group>"; };
		4979DCD5299835E1009CB987 /* CoreData.swift */ = {isa = PBXFileReference; lastKnownFileType = sourcecode.swift; path = CoreData.swift; sourceTree = "<group>"; };
/* End PBXFileReference section */

/* Begin PBXFrameworksBuildPhase section */
		4979DC8B29982992009CB987 /* Frameworks */ = {
			isa = PBXFrameworksBuildPhase;
			buildActionMask = 2147483647;
			files = (
			);
			runOnlyForDeploymentPostprocessing = 0;
		};
		4979DC9C29982999009CB987 /* Frameworks */ = {
			isa = PBXFrameworksBuildPhase;
			buildActionMask = 2147483647;
			files = (
			);
			runOnlyForDeploymentPostprocessing = 0;
		};
		4979DCA72998299A009CB987 /* Frameworks */ = {
			isa = PBXFrameworksBuildPhase;
			buildActionMask = 2147483647;
			files = (
			);
			runOnlyForDeploymentPostprocessing = 0;
		};
/* End PBXFrameworksBuildPhase section */

/* Begin PBXGroup section */
		4979DC8529982992009CB987 = {
			isa = PBXGroup;
			children = (
				4979DC9029982992009CB987 /* Todo */,
				4979DCAD2998299A009CB987 /* TodoUITests */,
				4979DCC8299832E1009CB987 /* Todo.app */,
				4979DCC9299832E1009CB987 /* TodoTests.xctest */,
				4979DCCA299832E1009CB987 /* TodoUITests.xctest */,
			);
			sourceTree = "<group>";
		};
		4979DC9029982992009CB987 /* Todo */ = {
			isa = PBXGroup;
			children = (
				4979DCD42998354C009CB987 /* Managers */,
				4979DC9129982992009CB987 /* TodoApp.swift */,
				4979DC9329982992009CB987 /* ContentView.swift */,
				4979DC9529982999009CB987 /* Assets.xcassets */,
				4979DC9A29982999009CB987 /* Info.plist */,
				4979DC9729982999009CB987 /* Preview Content */,
				4979DCCE2998335A009CB987 /* SimpleTodo.xcdatamodeld */,
				49160CBD29A2B7A7007ED5B2 /* MyColors.swift */,
			);
			path = Todo;
			sourceTree = "<group>";
		};
		4979DC9729982999009CB987 /* Preview Content */ = {
			isa = PBXGroup;
			children = (
				4979DC9829982999009CB987 /* Preview Assets.xcassets */,
			);
			path = "Preview Content";
			sourceTree = "<group>";
		};
		4979DCAD2998299A009CB987 /* TodoUITests */ = {
			isa = PBXGroup;
			children = (
				4979DCB02998299A009CB987 /* Info.plist */,
			);
			path = TodoUITests;
			sourceTree = "<group>";
		};
		4979DCD42998354C009CB987 /* Managers */ = {
			isa = PBXGroup;
			children = (
				4979DCD5299835E1009CB987 /* CoreData.swift */,
			);
			path = Managers;
			sourceTree = "<group>";
		};
/* End PBXGroup section */

/* Begin PBXNativeTarget section */
		4979DC8D29982992009CB987 /* Todo */ = {
			isa = PBXNativeTarget;
			buildConfigurationList = 4979DCB32998299A009CB987 /* Build configuration list for PBXNativeTarget "Todo" */;
			buildPhases = (
				4979DC8A29982992009CB987 /* Sources */,
				4979DC8B29982992009CB987 /* Frameworks */,
				4979DC8C29982992009CB987 /* Resources */,
			);
			buildRules = (
			);
			dependencies = (
			);
			name = Todo;
			productName = Todo;
			productReference = 4979DCC8299832E1009CB987 /* Todo.app */;
			productType = "com.apple.product-type.application";
		};
		4979DC9E29982999009CB987 /* TodoTests */ = {
			isa = PBXNativeTarget;
			buildConfigurationList = 4979DCB62998299A009CB987 /* Build configuration list for PBXNativeTarget "TodoTests" */;
			buildPhases = (
				4979DC9B29982999009CB987 /* Sources */,
				4979DC9C29982999009CB987 /* Frameworks */,
				4979DC9D29982999009CB987 /* Resources */,
			);
			buildRules = (
			);
			dependencies = (
				4979DCA129982999009CB987 /* PBXTargetDependency */,
			);
			name = TodoTests;
			productName = TodoTests;
			productReference = 4979DCC9299832E1009CB987 /* TodoTests.xctest */;
			productType = "com.apple.product-type.bundle.unit-test";
		};
		4979DCA92998299A009CB987 /* TodoUITests */ = {
			isa = PBXNativeTarget;
			buildConfigurationList = 4979DCB92998299A009CB987 /* Build configuration list for PBXNativeTarget "TodoUITests" */;
			buildPhases = (
				4979DCA62998299A009CB987 /* Sources */,
				4979DCA72998299A009CB987 /* Frameworks */,
				4979DCA82998299A009CB987 /* Resources */,
			);
			buildRules = (
			);
			dependencies = (
				4979DCAC2998299A009CB987 /* PBXTargetDependency */,
			);
			name = TodoUITests;
			productName = TodoUITests;
			productReference = 4979DCCA299832E1009CB987 /* TodoUITests.xctest */;
			productType = "com.apple.product-type.bundle.ui-testing";
		};
/* End PBXNativeTarget section */

/* Begin PBXProject section */
		4979DC8629982992009CB987 /* Project object */ = {
			isa = PBXProject;
			attributes = {
				LastSwiftUpdateCheck = 1240;
				LastUpgradeCheck = 1240;
				TargetAttributes = {
					4979DC8D29982992009CB987 = {
						CreatedOnToolsVersion = 12.4;
					};
					4979DC9E29982999009CB987 = {
						CreatedOnToolsVersion = 12.4;
						TestTargetID = 4979DC8D29982992009CB987;
					};
					4979DCA92998299A009CB987 = {
						CreatedOnToolsVersion = 12.4;
						TestTargetID = 4979DC8D29982992009CB987;
					};
				};
			};
			buildConfigurationList = 4979DC8929982992009CB987 /* Build configuration list for PBXProject "Todo" */;
			compatibilityVersion = "Xcode 9.3";
			developmentRegion = en;
			hasScannedForEncodings = 0;
			knownRegions = (
				en,
				Base,
			);
			mainGroup = 4979DC8529982992009CB987;
			productRefGroup = 4979DC8529982992009CB987;
			projectDirPath = "";
			projectRoot = "";
			targets = (
				4979DC8D29982992009CB987 /* Todo */,
				4979DC9E29982999009CB987 /* TodoTests */,
				4979DCA92998299A009CB987 /* TodoUITests */,
			);
		};
/* End PBXProject section */

/* Begin PBXResourcesBuildPhase section */
		4979DC8C29982992009CB987 /* Resources */ = {
			isa = PBXResourcesBuildPhase;
			buildActionMask = 2147483647;
			files = (
				4979DC9929982999009CB987 /* Preview Assets.xcassets in Resources */,
				4979DC9629982999009CB987 /* Assets.xcassets in Resources */,
			);
			runOnlyForDeploymentPostprocessing = 0;
		};
		4979DC9D29982999009CB987 /* Resources */ = {
			isa = PBXResourcesBuildPhase;
			buildActionMask = 2147483647;
			files = (
			);
			runOnlyForDeploymentPostprocessing = 0;
		};
		4979DCA82998299A009CB987 /* Resources */ = {
			isa = PBXResourcesBuildPhase;
			buildActionMask = 2147483647;
			files = (
			);
			runOnlyForDeploymentPostprocessing = 0;
		};
/* End PBXResourcesBuildPhase section */

/* Begin PBXSourcesBuildPhase section */
		4979DC8A29982992009CB987 /* Sources */ = {
			isa = PBXSourcesBuildPhase;
			buildActionMask = 2147483647;
			files = (
				49160CBE29A2B7A7007ED5B2 /* MyColors.swift in Sources */,
				4979DCD6299835E1009CB987 /* CoreData.swift in Sources */,
				4979DC9429982992009CB987 /* ContentView.swift in Sources */,
				4979DC9229982992009CB987 /* TodoApp.swift in Sources */,
				4979DCD02998335A009CB987 /* SimpleTodo.xcdatamodeld in Sources */,
			);
			runOnlyForDeploymentPostprocessing = 0;
		};
		4979DC9B29982999009CB987 /* Sources */ = {
			isa = PBXSourcesBuildPhase;
			buildActionMask = 2147483647;
			files = (
			);
			runOnlyForDeploymentPostprocessing = 0;
		};
		4979DCA62998299A009CB987 /* Sources */ = {
			isa = PBXSourcesBuildPhase;
			buildActionMask = 2147483647;
			files = (
			);
			runOnlyForDeploymentPostprocessing = 0;
		};
/* End PBXSourcesBuildPhase section */

/* Begin PBXTargetDependency section */
		4979DCA129982999009CB987 /* PBXTargetDependency */ = {
			isa = PBXTargetDependency;
			target = 4979DC8D29982992009CB987 /* Todo */;
			targetProxy = 4979DCA029982999009CB987 /* PBXContainerItemProxy */;
		};
		4979DCAC2998299A009CB987 /* PBXTargetDependency */ = {
			isa = PBXTargetDependency;
			target = 4979DC8D29982992009CB987 /* Todo */;
			targetProxy = 4979DCAB2998299A009CB987 /* PBXContainerItemProxy */;
		};
/* End PBXTargetDependency section */

/* Begin XCBuildConfiguration section */
		4979DCB12998299A009CB987 /* Debug */ = {
			isa = XCBuildConfiguration;
			buildSettings = {
				ALWAYS_SEARCH_USER_PATHS = NO;
				CLANG_ANALYZER_NONNULL = YES;
				CLANG_ANALYZER_NUMBER_OBJECT_CONVERSION = YES_AGGRESSIVE;
				CLANG_CXX_LANGUAGE_STANDARD = "gnu++14";
				CLANG_CXX_LIBRARY = "libc++";
				CLANG_ENABLE_MODULES = YES;
				CLANG_ENABLE_OBJC_ARC = YES;
				CLANG_ENABLE_OBJC_WEAK = YES;
				CLANG_WARN_BLOCK_CAPTURE_AUTORELEASING = YES;
				CLANG_WARN_BOOL_CONVERSION = YES;
				CLANG_WARN_COMMA = YES;
				CLANG_WARN_CONSTANT_CONVERSION = YES;
				CLANG_WARN_DEPRECATED_OBJC_IMPLEMENTATIONS = YES;
				CLANG_WARN_DIRECT_OBJC_ISA_USAGE = YES_ERROR;
				CLANG_WARN_DOCUMENTATION_COMMENTS = YES;
				CLANG_WARN_EMPTY_BODY = YES;
				CLANG_WARN_ENUM_CONVERSION = YES;
				CLANG_WARN_INFINITE_RECURSION = YES;
				CLANG_WARN_INT_CONVERSION = YES;
				CLANG_WARN_NON_LITERAL_NULL_CONVERSION = YES;
				CLANG_WARN_OBJC_IMPLICIT_RETAIN_SELF = YES;
				CLANG_WARN_OBJC_LITERAL_CONVERSION = YES;
				CLANG_WARN_OBJC_ROOT_CLASS = YES_ERROR;
				CLANG_WARN_QUOTED_INCLUDE_IN_FRAMEWORK_HEADER = YES;
				CLANG_WARN_RANGE_LOOP_ANALYSIS = YES;
				CLANG_WARN_STRICT_PROTOTYPES = YES;
				CLANG_WARN_SUSPICIOUS_MOVE = YES;
				CLANG_WARN_UNGUARDED_AVAILABILITY = YES_AGGRESSIVE;
				CLANG_WARN_UNREACHABLE_CODE = YES;
				CLANG_WARN__DUPLICATE_METHOD_MATCH = YES;
				COPY_PHASE_STRIP = NO;
				DEBUG_INFORMATION_FORMAT = dwarf;
				ENABLE_STRICT_OBJC_MSGSEND = YES;
				ENABLE_TESTABILITY = YES;
				GCC_C_LANGUAGE_STANDARD = gnu11;
				GCC_DYNAMIC_NO_PIC = NO;
				GCC_NO_COMMON_BLOCKS = YES;
				GCC_OPTIMIZATION_LEVEL = 0;
				GCC_PREPROCESSOR_DEFINITIONS = (
					"DEBUG=1",
					"$(inherited)",
				);
				GCC_WARN_64_TO_32_BIT_CONVERSION = YES;
				GCC_WARN_ABOUT_RETURN_TYPE = YES_ERROR;
				GCC_WARN_UNDECLARED_SELECTOR = YES;
				GCC_WARN_UNINITIALIZED_AUTOS = YES_AGGRESSIVE;
				GCC_WARN_UNUSED_FUNCTION = YES;
				GCC_WARN_UNUSED_VARIABLE = YES;
				IPHONEOS_DEPLOYMENT_TARGET = 14.4;
				MTL_ENABLE_DEBUG_INFO = INCLUDE_SOURCE;
				MTL_FAST_MATH = YES;
				ONLY_ACTIVE_ARCH = YES;
				SDKROOT = iphoneos;
				SWIFT_ACTIVE_COMPILATION_CONDITIONS = DEBUG;
				SWIFT_OPTIMIZATION_LEVEL = "-Onone";
			};
			name = Debug;
		};
		4979DCB22998299A009CB987 /* Release */ = {
			isa = XCBuildConfiguration;
			buildSettings = {
				ALWAYS_SEARCH_USER_PATHS = NO;
				CLANG_ANALYZER_NONNULL = YES;
				CLANG_ANALYZER_NUMBER_OBJECT_CONVERSION = YES_AGGRESSIVE;
				CLANG_CXX_LANGUAGE_STANDARD = "gnu++14";
				CLANG_CXX_LIBRARY = "libc++";
				CLANG_ENABLE_MODULES = YES;
				CLANG_ENABLE_OBJC_ARC = YES;
				CLANG_ENABLE_OBJC_WEAK = YES;
				CLANG_WARN_BLOCK_CAPTURE_AUTORELEASING = YES;
				CLANG_WARN_BOOL_CONVERSION = YES;
				CLANG_WARN_COMMA = YES;
				CLANG_WARN_CONSTANT_CONVERSION = YES;
				CLANG_WARN_DEPRECATED_OBJC_IMPLEMENTATIONS = YES;
				CLANG_WARN_DIRECT_OBJC_ISA_USAGE = YES_ERROR;
				CLANG_WARN_DOCUMENTATION_COMMENTS = YES;
				CLANG_WARN_EMPTY_BODY = YES;
				CLANG_WARN_ENUM_CONVERSION = YES;
				CLANG_WARN_INFINITE_RECURSION = YES;
				CLANG_WARN_INT_CONVERSION = YES;
				CLANG_WARN_NON_LITERAL_NULL_CONVERSION = YES;
				CLANG_WARN_OBJC_IMPLICIT_RETAIN_SELF = YES;
				CLANG_WARN_OBJC_LITERAL_CONVERSION = YES;
				CLANG_WARN_OBJC_ROOT_CLASS = YES_ERROR;
				CLANG_WARN_QUOTED_INCLUDE_IN_FRAMEWORK_HEADER = YES;
				CLANG_WARN_RANGE_LOOP_ANALYSIS = YES;
				CLANG_WARN_STRICT_PROTOTYPES = YES;
				CLANG_WARN_SUSPICIOUS_MOVE = YES;
				CLANG_WARN_UNGUARDED_AVAILABILITY = YES_AGGRESSIVE;
				CLANG_WARN_UNREACHABLE_CODE = YES;
				CLANG_WARN__DUPLICATE_METHOD_MATCH = YES;
				COPY_PHASE_STRIP = NO;
				DEBUG_INFORMATION_FORMAT = "dwarf-with-dsym";
				ENABLE_NS_ASSERTIONS = NO;
				ENABLE_STRICT_OBJC_MSGSEND = YES;
				GCC_C_LANGUAGE_STANDARD = gnu11;
				GCC_NO_COMMON_BLOCKS = YES;
				GCC_WARN_64_TO_32_BIT_CONVERSION = YES;
				GCC_WARN_ABOUT_RETURN_TYPE = YES_ERROR;
				GCC_WARN_UNDECLARED_SELECTOR = YES;
				GCC_WARN_UNINITIALIZED_AUTOS = YES_AGGRESSIVE;
				GCC_WARN_UNUSED_FUNCTION = YES;
				GCC_WARN_UNUSED_VARIABLE = YES;
				IPHONEOS_DEPLOYMENT_TARGET = 14.4;
				MTL_ENABLE_DEBUG_INFO = NO;
				MTL_FAST_MATH = YES;
				SDKROOT = iphoneos;
				SWIFT_COMPILATION_MODE = wholemodule;
				SWIFT_OPTIMIZATION_LEVEL = "-O";
				VALIDATE_PRODUCT = YES;
			};
			name = Release;
		};
		4979DCB42998299A009CB987 /* Debug */ = {
			isa = XCBuildConfiguration;
			buildSettings = {
				ASSETCATALOG_COMPILER_APPICON_NAME = AppIcon;
				ASSETCATALOG_COMPILER_GLOBAL_ACCENT_COLOR_NAME = AccentColor;
				CODE_SIGN_STYLE = Automatic;
				DEVELOPMENT_ASSET_PATHS = "\"Todo/Preview Content\"";
				ENABLE_PREVIEWS = YES;
				INFOPLIST_FILE = Todo/Info.plist;
				IPHONEOS_DEPLOYMENT_TARGET = 14.0;
				LD_RUNPATH_SEARCH_PATHS = (
					"$(inherited)",
					"@executable_path/Frameworks",
				);
				PRODUCT_BUNDLE_IDENTIFIER = Tecmilover.Todo;
				PRODUCT_NAME = "$(TARGET_NAME)";
				SWIFT_VERSION = 5.0;
				TARGETED_DEVICE_FAMILY = "1,2";
			};
			name = Debug;
		};
		4979DCB52998299A009CB987 /* Release */ = {
			isa = XCBuildConfiguration;
			buildSettings = {
				ASSETCATALOG_COMPILER_APPICON_NAME = AppIcon;
				ASSETCATALOG_COMPILER_GLOBAL_ACCENT_COLOR_NAME = AccentColor;
				CODE_SIGN_STYLE = Automatic;
				DEVELOPMENT_ASSET_PATHS = "\"Todo/Preview Content\"";
				ENABLE_PREVIEWS = YES;
				INFOPLIST_FILE = Todo/Info.plist;
				IPHONEOS_DEPLOYMENT_TARGET = 14.0;
				LD_RUNPATH_SEARCH_PATHS = (
					"$(inherited)",
					"@executable_path/Frameworks",
				);
				PRODUCT_BUNDLE_IDENTIFIER = Tecmilover.Todo;
				PRODUCT_NAME = "$(TARGET_NAME)";
				SWIFT_VERSION = 5.0;
				TARGETED_DEVICE_FAMILY = "1,2";
			};
			name = Release;
		};
		4979DCB72998299A009CB987 /* Debug */ = {
			isa = XCBuildConfiguration;
			buildSettings = {
				ALWAYS_EMBED_SWIFT_STANDARD_LIBRARIES = YES;
				BUNDLE_LOADER = "$(TEST_HOST)";
				CODE_SIGN_STYLE = Automatic;
				INFOPLIST_FILE = TodoTests/Info.plist;
				IPHONEOS_DEPLOYMENT_TARGET = 14.0;
				LD_RUNPATH_SEARCH_PATHS = (
					"$(inherited)",
					"@executable_path/Frameworks",
					"@loader_path/Frameworks",
				);
				PRODUCT_BUNDLE_IDENTIFIER = Tecmilover.TodoTests;
				PRODUCT_NAME = "$(TARGET_NAME)";
				SWIFT_VERSION = 5.0;
				TARGETED_DEVICE_FAMILY = "1,2";
				TEST_HOST = "$(BUILT_PRODUCTS_DIR)/Todo.app/Todo";
			};
			name = Debug;
		};
		4979DCB82998299A009CB987 /* Release */ = {
			isa = XCBuildConfiguration;
			buildSettings = {
				ALWAYS_EMBED_SWIFT_STANDARD_LIBRARIES = YES;
				BUNDLE_LOADER = "$(TEST_HOST)";
				CODE_SIGN_STYLE = Automatic;
				INFOPLIST_FILE = TodoTests/Info.plist;
				IPHONEOS_DEPLOYMENT_TARGET = 14.0;
				LD_RUNPATH_SEARCH_PATHS = (
					"$(inherited)",
					"@executable_path/Frameworks",
					"@loader_path/Frameworks",
				);
				PRODUCT_BUNDLE_IDENTIFIER = Tecmilover.TodoTests;
				PRODUCT_NAME = "$(TARGET_NAME)";
				SWIFT_VERSION = 5.0;
				TARGETED_DEVICE_FAMILY = "1,2";
				TEST_HOST = "$(BUILT_PRODUCTS_DIR)/Todo.app/Todo";
			};
			name = Release;
		};
		4979DCBA2998299A009CB987 /* Debug */ = {
			isa = XCBuildConfiguration;
			buildSettings = {
				ALWAYS_EMBED_SWIFT_STANDARD_LIBRARIES = YES;
				CODE_SIGN_STYLE = Automatic;
				INFOPLIST_FILE = TodoUITests/Info.plist;
				LD_RUNPATH_SEARCH_PATHS = (
					"$(inherited)",
					"@executable_path/Frameworks",
					"@loader_path/Frameworks",
				);
				PRODUCT_BUNDLE_IDENTIFIER = Tecmilover.TodoUITests;
				PRODUCT_NAME = "$(TARGET_NAME)";
				SWIFT_VERSION = 5.0;
				TARGETED_DEVICE_FAMILY = "1,2";
				TEST_TARGET_NAME = Todo;
			};
			name = Debug;
		};
		4979DCBB2998299A009CB987 /* Release */ = {
			isa = XCBuildConfiguration;
			buildSettings = {
				ALWAYS_EMBED_SWIFT_STANDARD_LIBRARIES = YES;
				CODE_SIGN_STYLE = Automatic;
				INFOPLIST_FILE = TodoUITests/Info.plist;
				LD_RUNPATH_SEARCH_PATHS = (
					"$(inherited)",
					"@executable_path/Frameworks",
					"@loader_path/Frameworks",
				);
				PRODUCT_BUNDLE_IDENTIFIER = Tecmilover.TodoUITests;
				PRODUCT_NAME = "$(TARGET_NAME)";
				SWIFT_VERSION = 5.0;
				TARGETED_DEVICE_FAMILY = "1,2";
				TEST_TARGET_NAME = Todo;
			};
			name = Release;
		};
/* End XCBuildConfiguration section */

/* Begin XCConfigurationList section */
		4979DC8929982992009CB987 /* Build configuration list for PBXProject "Todo" */ = {
			isa = XCConfigurationList;
			buildConfigurations = (
				4979DCB12998299A009CB987 /* Debug */,
				4979DCB22998299A009CB987 /* Release */,
			);
			defaultConfigurationIsVisible = 0;
			defaultConfigurationName = Release;
		};
		4979DCB32998299A009CB987 /* Build configuration list for PBXNativeTarget "Todo" */ = {
			isa = XCConfigurationList;
			buildConfigurations = (
				4979DCB42998299A009CB987 /* Debug */,
				4979DCB52998299A009CB987 /* Release */,
			);
			defaultConfigurationIsVisible = 0;
			defaultConfigurationName = Release;
		};
		4979DCB62998299A009CB987 /* Build configuration list for PBXNativeTarget "TodoTests" */ = {
			isa = XCConfigurationList;
			buildConfigurations = (
				4979DCB72998299A009CB987 /* Debug */,
				4979DCB82998299A009CB987 /* Release */,
			);
			defaultConfigurationIsVisible = 0;
			defaultConfigurationName = Release;
		};
		4979DCB92998299A009CB987 /* Build configuration list for PBXNativeTarget "TodoUITests" */ = {
			isa = XCConfigurationList;
			buildConfigurations = (
				4979DCBA2998299A009CB987 /* Debug */,
				4979DCBB2998299A009CB987 /* Release */,
			);
			defaultConfigurationIsVisible = 0;
			defaultConfigurationName = Release;
		};
/* End XCConfigurationList section */

/* Begin XCVersionGroup section */
		4979DCCE2998335A009CB987 /* SimpleTodo.xcdatamodeld */ = {
			isa = XCVersionGroup;
			children = (
				4979DCCF2998335A009CB987 /* SimpleTodo.xcdatamodel */,
			);
			currentVersion = 4979DCCF2998335A009CB987 /* SimpleTodo.xcdatamodel */;
			path = SimpleTodo.xcdatamodeld;
			sourceTree = "<group>";
			versionGroupType = wrapper.xcdatamodel;
		};
/* End XCVersionGroup section */
	};
	rootObject = 4979DC8629982992009CB987 /* Project object */;
}
